
Microsoft Visual Studio Solution File, Format Version 12.00
# Visual Studio Version 16
VisualStudioVersion = 16.0.34601.136
MinimumVisualStudioVersion = 10.0.40219.1
Project("{FAE04EC0-301F-11D3-BF4B-00C04F79EFBC}") = "Gelişmiş Hesap Makinesi", "Gelişmiş Hesap Makinesi\Gelişmiş Hesap Makinesi.csproj", "{20A10C01-0200-4C13-807E-17296C03B406}"
EndProject
Project("{FAE04EC0-301F-11D3-BF4B-00C04F79EFBC}") = "WinFormsApp39", "..\WinFormsApp39\WinFormsApp39\WinFormsApp39.csproj", "{B9664047-9868-4206-85CA-2705CD67703C}"
EndProject
Global
	GlobalSection(SolutionConfigurationPlatforms) = preSolution
		Debug|Any CPU = Debug|Any CPU
		Release|Any CPU = Release|Any CPU
	EndGlobalSection
	GlobalSection(ProjectConfigurationPlatforms) = postSolution
		{20A10C01-0200-4C13-807E-17296C03B406}.Debug|Any CPU.ActiveCfg = Debug|Any CPU
		{20A10C01-0200-4C13-807E-17296C03B406}.Debug|Any CPU.Build.0 = Debug|Any CPU
		{20A10C01-0200-4C13-807E-17296C03B406}.Release|Any CPU.ActiveCfg = Release|Any CPU
		{20A10C01-0200-4C13-807E-17296C03B406}.Release|Any CPU.Build.0 = Release|Any CPU
		{B9664047-9868-4206-85CA-2705CD67703C}.Debug|Any CPU.ActiveCfg = Debug|Any CPU
		{B9664047-9868-4206-85CA-2705CD67703C}.Debug|Any CPU.Build.0 = Debug|Any CPU
		{B9664047-9868-4206-85CA-2705CD67703C}.Release|Any CPU.ActiveCfg = Release|Any CPU
		{B9664047-9868-4206-85CA-2705CD67703C}.Release|Any CPU.Build.0 = Release|Any CPU
	EndGlobalSection
	GlobalSection(SolutionProperties) = preSolution
		HideSolutionNode = FALSE
	EndGlobalSection
	GlobalSection(ExtensibilityGlobals) = postSolution
		SolutionGuid = {388D2B77-D1EB-4691-8F00-DDF2179420C0}
	EndGlobalSection
EndGlobal
